// !$*UTF8*$!
{
	archiveVersion = 1;
	classes = {
	};
	objectVersion = 46;
	objects = {

/* Begin PBXBuildFile section */
		8755E1BD1A711BB8004863D2 /* AppDelegate.swift in Sources */ = {isa = PBXBuildFile; fileRef = 8755E1BC1A711BB8004863D2 /* AppDelegate.swift */; };
		8755E1C61A711BB8004863D2 /* Images.xcassets in Resources */ = {isa = PBXBuildFile; fileRef = 8755E1C51A711BB8004863D2 /* Images.xcassets */; };
		8755E1C91A711BB8004863D2 /* LaunchScreen.xib in Resources */ = {isa = PBXBuildFile; fileRef = 8755E1C71A711BB8004863D2 /* LaunchScreen.xib */; };
		8755E1D51A711BB8004863D2 /* newsAppTests.swift in Sources */ = {isa = PBXBuildFile; fileRef = 8755E1D41A711BB8004863D2 /* newsAppTests.swift */; };
		8755E2131A76B8BD004863D2 /* ArticulosTableViewController.swift in Sources */ = {isa = PBXBuildFile; fileRef = 8755E20D1A76B8BD004863D2 /* ArticulosTableViewController.swift */; };
		8755E2141A76B8BD004863D2 /* ArticuloViewController.swift in Sources */ = {isa = PBXBuildFile; fileRef = 8755E20E1A76B8BD004863D2 /* ArticuloViewController.swift */; };
		8755E2151A76B8BD004863D2 /* DetalleArticuloViewController.swift in Sources */ = {isa = PBXBuildFile; fileRef = 8755E20F1A76B8BD004863D2 /* DetalleArticuloViewController.swift */; };
		8755E2161A76B8BD004863D2 /* NoticiasViewController.swift in Sources */ = {isa = PBXBuildFile; fileRef = 8755E2101A76B8BD004863D2 /* NoticiasViewController.swift */; };
		8755E2171A76B8BD004863D2 /* Periodico.swift in Sources */ = {isa = PBXBuildFile; fileRef = 8755E2111A76B8BD004863D2 /* Periodico.swift */; };
		8755E2181A76B8BD004863D2 /* PeriodicosTableViewController.swift in Sources */ = {isa = PBXBuildFile; fileRef = 8755E2121A76B8BD004863D2 /* PeriodicosTableViewController.swift */; };
		8755E21D1A76B917004863D2 /* Main.storyboard in Resources */ = {isa = PBXBuildFile; fileRef = 8755E21B1A76B917004863D2 /* Main.storyboard */; };
		8755E2221A76B99E004863D2 /* Articulo.swift in Sources */ = {isa = PBXBuildFile; fileRef = 8755E2211A76B99E004863D2 /* Articulo.swift */; };
		8755E2241A76C799004863D2 /* FechaViewController.swift in Sources */ = {isa = PBXBuildFile; fileRef = 8755E2231A76C798004863D2 /* FechaViewController.swift */; };
/* End PBXBuildFile section */

/* Begin PBXContainerItemProxy section */
		8755E1CF1A711BB8004863D2 /* PBXContainerItemProxy */ = {
			isa = PBXContainerItemProxy;
			containerPortal = 8755E1AF1A711BB8004863D2 /* Project object */;
			proxyType = 1;
			remoteGlobalIDString = 8755E1B61A711BB8004863D2;
			remoteInfo = newsApp;
		};
/* End PBXContainerItemProxy section */

/* Begin PBXFileReference section */
		8755E1B71A711BB8004863D2 /* newsApp.app */ = {isa = PBXFileReference; explicitFileType = wrapper.application; includeInIndex = 0; path = newsApp.app; sourceTree = BUILT_PRODUCTS_DIR; };
		8755E1BB1A711BB8004863D2 /* Info.plist */ = {isa = PBXFileReference; lastKnownFileType = text.plist.xml; path = Info.plist; sourceTree = "<group>"; };
		8755E1BC1A711BB8004863D2 /* AppDelegate.swift */ = {isa = PBXFileReference; lastKnownFileType = sourcecode.swift; path = AppDelegate.swift; sourceTree = "<group>"; };
		8755E1C51A711BB8004863D2 /* Images.xcassets */ = {isa = PBXFileReference; lastKnownFileType = folder.assetcatalog; path = Images.xcassets; sourceTree = "<group>"; };
		8755E1C81A711BB8004863D2 /* Base */ = {isa = PBXFileReference; lastKnownFileType = file.xib; name = Base; path = Base.lproj/LaunchScreen.xib; sourceTree = "<group>"; };
		8755E1CE1A711BB8004863D2 /* newsAppTests.xctest */ = {isa = PBXFileReference; explicitFileType = wrapper.cfbundle; includeInIndex = 0; path = newsAppTests.xctest; sourceTree = BUILT_PRODUCTS_DIR; };
		8755E1D31A711BB8004863D2 /* Info.plist */ = {isa = PBXFileReference; lastKnownFileType = text.plist.xml; path = Info.plist; sourceTree = "<group>"; };
		8755E1D41A711BB8004863D2 /* newsAppTests.swift */ = {isa = PBXFileReference; lastKnownFileType = sourcecode.swift; path = newsAppTests.swift; sourceTree = "<group>"; };
		8755E20D1A76B8BD004863D2 /* ArticulosTableViewController.swift */ = {isa = PBXFileReference; fileEncoding = 4; lastKnownFileType = sourcecode.swift; path = ArticulosTableViewController.swift; sourceTree = "<group>"; };
		8755E20E1A76B8BD004863D2 /* ArticuloViewController.swift */ = {isa = PBXFileReference; fileEncoding = 4; lastKnownFileType = sourcecode.swift; path = ArticuloViewController.swift; sourceTree = "<group>"; };
		8755E20F1A76B8BD004863D2 /* DetalleArticuloViewController.swift */ = {isa = PBXFileReference; fileEncoding = 4; lastKnownFileType = sourcecode.swift; path = DetalleArticuloViewController.swift; sourceTree = "<group>"; };
		8755E2101A76B8BD004863D2 /* NoticiasViewController.swift */ = {isa = PBXFileReference; fileEncoding = 4; lastKnownFileType = sourcecode.swift; path = NoticiasViewController.swift; sourceTree = "<group>"; };
		8755E2111A76B8BD004863D2 /* Periodico.swift */ = {isa = PBXFileReference; fileEncoding = 4; lastKnownFileType = sourcecode.swift; path = Periodico.swift; sourceTree = "<group>"; };
		8755E2121A76B8BD004863D2 /* PeriodicosTableViewController.swift */ = {isa = PBXFileReference; fileEncoding = 4; lastKnownFileType = sourcecode.swift; path = PeriodicosTableViewController.swift; sourceTree = "<group>"; };
		8755E21C1A76B917004863D2 /* Base */ = {isa = PBXFileReference; lastKnownFileType = file.storyboard; name = Base; path = Base.lproj/Main.storyboard; sourceTree = "<group>"; };
		8755E2211A76B99E004863D2 /* Articulo.swift */ = {isa = PBXFileReference; fileEncoding = 4; lastKnownFileType = sourcecode.swift; path = Articulo.swift; sourceTree = "<group>"; };
		8755E2231A76C798004863D2 /* FechaViewController.swift */ = {isa = PBXFileReference; fileEncoding = 4; lastKnownFileType = sourcecode.swift; path = FechaViewController.swift; sourceTree = "<group>"; };
/* End PBXFileReference section */

/* Begin PBXFrameworksBuildPhase section */
		8755E1B41A711BB8004863D2 /* Frameworks */ = {
			isa = PBXFrameworksBuildPhase;
			buildActionMask = 2147483647;
			files = (
			);
			runOnlyForDeploymentPostprocessing = 0;
		};
		8755E1CB1A711BB8004863D2 /* Frameworks */ = {
			isa = PBXFrameworksBuildPhase;
			buildActionMask = 2147483647;
			files = (
			);
			runOnlyForDeploymentPostprocessing = 0;
		};
/* End PBXFrameworksBuildPhase section */

/* Begin PBXGroup section */
		8755E1AE1A711BB8004863D2 = {
			isa = PBXGroup;
			children = (
				8755E1B91A711BB8004863D2 /* newsApp */,
				8755E1D11A711BB8004863D2 /* newsAppTests */,
				8755E1B81A711BB8004863D2 /* Products */,
			);
			sourceTree = "<group>";
		};
		8755E1B81A711BB8004863D2 /* Products */ = {
			isa = PBXGroup;
			children = (
				8755E1B71A711BB8004863D2 /* newsApp.app */,
				8755E1CE1A711BB8004863D2 /* newsAppTests.xctest */,
			);
			name = Products;
			sourceTree = "<group>";
		};
		8755E1B91A711BB8004863D2 /* newsApp */ = {
			isa = PBXGroup;
			children = (
				8755E1DE1A711C0F004863D2 /* Models */,
				8755E1DF1A711C1B004863D2 /* Views */,
				8755E1E01A711C24004863D2 /* Controllers */,
				8755E1E11A711C32004863D2 /* Resources */,
				8755E1E21A711C43004863D2 /* Otros */,
				8755E1BA1A711BB8004863D2 /* Supporting Files */,
			);
			path = newsApp;
			sourceTree = "<group>";
		};
		8755E1BA1A711BB8004863D2 /* Supporting Files */ = {
			isa = PBXGroup;
			children = (
				8755E1BB1A711BB8004863D2 /* Info.plist */,
			);
			name = "Supporting Files";
			sourceTree = "<group>";
		};
		8755E1D11A711BB8004863D2 /* newsAppTests */ = {
			isa = PBXGroup;
			children = (
				8755E1D41A711BB8004863D2 /* newsAppTests.swift */,
				8755E1D21A711BB8004863D2 /* Supporting Files */,
			);
			path = newsAppTests;
			sourceTree = "<group>";
		};
		8755E1D21A711BB8004863D2 /* Supporting Files */ = {
			isa = PBXGroup;
			children = (
				8755E1D31A711BB8004863D2 /* Info.plist */,
			);
			name = "Supporting Files";
			sourceTree = "<group>";
		};
		8755E1DE1A711C0F004863D2 /* Models */ = {
			isa = PBXGroup;
			children = (
				8755E2211A76B99E004863D2 /* Articulo.swift */,
			);
			name = Models;
			sourceTree = "<group>";
		};
		8755E1DF1A711C1B004863D2 /* Views */ = {
			isa = PBXGroup;
			children = (
			);
			name = Views;
			sourceTree = "<group>";
		};
		8755E1E01A711C24004863D2 /* Controllers */ = {
			isa = PBXGroup;
			children = (
				8755E20D1A76B8BD004863D2 /* ArticulosTableViewController.swift */,
				8755E20E1A76B8BD004863D2 /* ArticuloViewController.swift */,
				8755E20F1A76B8BD004863D2 /* DetalleArticuloViewController.swift */,
				8755E2101A76B8BD004863D2 /* NoticiasViewController.swift */,
				8755E2111A76B8BD004863D2 /* Periodico.swift */,
				8755E2121A76B8BD004863D2 /* PeriodicosTableViewController.swift */,
				8755E2231A76C798004863D2 /* FechaViewController.swift */,
			);
			name = Controllers;
			sourceTree = "<group>";
		};
		8755E1E11A711C32004863D2 /* Resources */ = {
			isa = PBXGroup;
			children = (
				8755E21B1A76B917004863D2 /* Main.storyboard */,
				8755E1C71A711BB8004863D2 /* LaunchScreen.xib */,
				8755E1C51A711BB8004863D2 /* Images.xcassets */,
			);
			name = Resources;
			sourceTree = "<group>";
		};
		8755E1E21A711C43004863D2 /* Otros */ = {
			isa = PBXGroup;
			children = (
				8755E1BC1A711BB8004863D2 /* AppDelegate.swift */,
			);
			name = Otros;
			sourceTree = "<group>";
		};
/* End PBXGroup section */

/* Begin PBXNativeTarget section */
		8755E1B61A711BB8004863D2 /* newsApp */ = {
			isa = PBXNativeTarget;
			buildConfigurationList = 8755E1D81A711BB8004863D2 /* Build configuration list for PBXNativeTarget "newsApp" */;
			buildPhases = (
				8755E1B31A711BB8004863D2 /* Sources */,
				8755E1B41A711BB8004863D2 /* Frameworks */,
				8755E1B51A711BB8004863D2 /* Resources */,
			);
			buildRules = (
			);
			dependencies = (
			);
			name = newsApp;
			productName = newsApp;
			productReference = 8755E1B71A711BB8004863D2 /* newsApp.app */;
			productType = "com.apple.product-type.application";
		};
		8755E1CD1A711BB8004863D2 /* newsAppTests */ = {
			isa = PBXNativeTarget;
			buildConfigurationList = 8755E1DB1A711BB8004863D2 /* Build configuration list for PBXNativeTarget "newsAppTests" */;
			buildPhases = (
				8755E1CA1A711BB8004863D2 /* Sources */,
				8755E1CB1A711BB8004863D2 /* Frameworks */,
				8755E1CC1A711BB8004863D2 /* Resources */,
			);
			buildRules = (
			);
			dependencies = (
				8755E1D01A711BB8004863D2 /* PBXTargetDependency */,
			);
			name = newsAppTests;
			productName = newsAppTests;
			productReference = 8755E1CE1A711BB8004863D2 /* newsAppTests.xctest */;
			productType = "com.apple.product-type.bundle.unit-test";
		};
/* End PBXNativeTarget section */

/* Begin PBXProject section */
		8755E1AF1A711BB8004863D2 /* Project object */ = {
			isa = PBXProject;
			attributes = {
				LastUpgradeCheck = 0610;
				ORGANIZATIONNAME = MGM;
				TargetAttributes = {
					8755E1B61A711BB8004863D2 = {
						CreatedOnToolsVersion = 6.1.1;
					};
					8755E1CD1A711BB8004863D2 = {
						CreatedOnToolsVersion = 6.1.1;
						TestTargetID = 8755E1B61A711BB8004863D2;
					};
				};
			};
			buildConfigurationList = 8755E1B21A711BB8004863D2 /* Build configuration list for PBXProject "newsApp" */;
			compatibilityVersion = "Xcode 3.2";
			developmentRegion = English;
			hasScannedForEncodings = 0;
			knownRegions = (
				en,
				Base,
			);
			mainGroup = 8755E1AE1A711BB8004863D2;
			productRefGroup = 8755E1B81A711BB8004863D2 /* Products */;
			projectDirPath = "";
			projectRoot = "";
			targets = (
				8755E1B61A711BB8004863D2 /* newsApp */,
				8755E1CD1A711BB8004863D2 /* newsAppTests */,
			);
		};
/* End PBXProject section */

/* Begin PBXResourcesBuildPhase section */
		8755E1B51A711BB8004863D2 /* Resources */ = {
			isa = PBXResourcesBuildPhase;
			buildActionMask = 2147483647;
			files = (
				8755E21D1A76B917004863D2 /* Main.storyboard in Resources */,
				8755E1C91A711BB8004863D2 /* LaunchScreen.xib in Resources */,
				8755E1C61A711BB8004863D2 /* Images.xcassets in Resources */,
			);
			runOnlyForDeploymentPostprocessing = 0;
		};
		8755E1CC1A711BB8004863D2 /* Resources */ = {
			isa = PBXResourcesBuildPhase;
			buildActionMask = 2147483647;
			files = (
			);
			runOnlyForDeploymentPostprocessing = 0;
		};
/* End PBXResourcesBuildPhase section */

/* Begin PBXSourcesBuildPhase section */
		8755E1B31A711BB8004863D2 /* Sources */ = {
			isa = PBXSourcesBuildPhase;
			buildActionMask = 2147483647;
			files = (
				8755E2221A76B99E004863D2 /* Articulo.swift in Sources */,
				8755E2161A76B8BD004863D2 /* NoticiasViewController.swift in Sources */,
				8755E2131A76B8BD004863D2 /* ArticulosTableViewController.swift in Sources */,
				8755E2171A76B8BD004863D2 /* Periodico.swift in Sources */,
				8755E1BD1A711BB8004863D2 /* AppDelegate.swift in Sources */,
				8755E2241A76C799004863D2 /* FechaViewController.swift in Sources */,
				8755E2181A76B8BD004863D2 /* PeriodicosTableViewController.swift in Sources */,
				8755E2141A76B8BD004863D2 /* ArticuloViewController.swift in Sources */,
				8755E2151A76B8BD004863D2 /* DetalleArticuloViewController.swift in Sources */,
			);
			runOnlyForDeploymentPostprocessing = 0;
		};
		8755E1CA1A711BB8004863D2 /* Sources */ = {
			isa = PBXSourcesBuildPhase;
			buildActionMask = 2147483647;
			files = (
				8755E1D51A711BB8004863D2 /* newsAppTests.swift in Sources */,
			);
			runOnlyForDeploymentPostprocessing = 0;
		};
/* End PBXSourcesBuildPhase section */

/* Begin PBXTargetDependency section */
		8755E1D01A711BB8004863D2 /* PBXTargetDependency */ = {
			isa = PBXTargetDependency;
			target = 8755E1B61A711BB8004863D2 /* newsApp */;
			targetProxy = 8755E1CF1A711BB8004863D2 /* PBXContainerItemProxy */;
		};
/* End PBXTargetDependency section */

/* Begin PBXVariantGroup section */
		8755E1C71A711BB8004863D2 /* LaunchScreen.xib */ = {
			isa = PBXVariantGroup;
			children = (
				8755E1C81A711BB8004863D2 /* Base */,
			);
			name = LaunchScreen.xib;
			sourceTree = "<group>";
		};
		8755E21B1A76B917004863D2 /* Main.storyboard */ = {
			isa = PBXVariantGroup;
			children = (
				8755E21C1A76B917004863D2 /* Base */,
			);
			name = Main.storyboard;
			sourceTree = "<group>";
		};
/* End PBXVariantGroup section */

/* Begin XCBuildConfiguration section */
		8755E1D61A711BB8004863D2 /* Debug */ = {
			isa = XCBuildConfiguration;
			buildSettings = {
				ALWAYS_SEARCH_USER_PATHS = NO;
				CLANG_CXX_LANGUAGE_STANDARD = "gnu++0x";
				CLANG_CXX_LIBRARY = "libc++";
				CLANG_ENABLE_MODULES = YES;
				CLANG_ENABLE_OBJC_ARC = YES;
				CLANG_WARN_BOOL_CONVERSION = YES;
				CLANG_WARN_CONSTANT_CONVERSION = YES;
				CLANG_WARN_DIRECT_OBJC_ISA_USAGE = YES_ERROR;
				CLANG_WARN_EMPTY_BODY = YES;
				CLANG_WARN_ENUM_CONVERSION = YES;
				CLANG_WARN_INT_CONVERSION = YES;
				CLANG_WARN_OBJC_ROOT_CLASS = YES_ERROR;
				CLANG_WARN_UNREACHABLE_CODE = YES;
				CLANG_WARN__DUPLICATE_METHOD_MATCH = YES;
				"CODE_SIGN_IDENTITY[sdk=iphoneos*]" = "iPhone Developer";
				COPY_PHASE_STRIP = NO;
				ENABLE_STRICT_OBJC_MSGSEND = YES;
				GCC_C_LANGUAGE_STANDARD = gnu99;
				GCC_DYNAMIC_NO_PIC = NO;
				GCC_OPTIMIZATION_LEVEL = 0;
				GCC_PREPROCESSOR_DEFINITIONS = (
					"DEBUG=1",
					"$(inherited)",
				);
				GCC_SYMBOLS_PRIVATE_EXTERN = NO;
				GCC_WARN_64_TO_32_BIT_CONVERSION = YES;
				GCC_WARN_ABOUT_RETURN_TYPE = YES_ERROR;
				GCC_WARN_UNDECLARED_SELECTOR = YES;
				GCC_WARN_UNINITIALIZED_AUTOS = YES_AGGRESSIVE;
				GCC_WARN_UNUSED_FUNCTION = YES;
				GCC_WARN_UNUSED_VARIABLE = YES;
				IPHONEOS_DEPLOYMENT_TARGET = 8.1;
				MTL_ENABLE_DEBUG_INFO = YES;
				ONLY_ACTIVE_ARCH = YES;
				SDKROOT = iphoneos;
				SWIFT_OPTIMIZATION_LEVEL = "-Onone";
				TARGETED_DEVICE_FAMILY = "1,2";
			};
			name = Debug;
		};
		8755E1D71A711BB8004863D2 /* Release */ = {
			isa = XCBuildConfiguration;
			buildSettings = {
				ALWAYS_SEARCH_USER_PATHS = NO;
				CLANG_CXX_LANGUAGE_STANDARD = "gnu++0x";
				CLANG_CXX_LIBRARY = "libc++";
				CLANG_ENABLE_MODULES = YES;
				CLANG_ENABLE_OBJC_ARC = YES;
				CLANG_WARN_BOOL_CONVERSION = YES;
				CLANG_WARN_CONSTANT_CONVERSION = YES;
				CLANG_WARN_DIRECT_OBJC_ISA_USAGE = YES_ERROR;
				CLANG_WARN_EMPTY_BODY = YES;
				CLANG_WARN_ENUM_CONVERSION = YES;
				CLANG_WARN_INT_CONVERSION = YES;
				CLANG_WARN_OBJC_ROOT_CLASS = YES_ERROR;
				CLANG_WARN_UNREACHABLE_CODE = YES;
				CLANG_WARN__DUPLICATE_METHOD_MATCH = YES;
				"CODE_SIGN_IDENTITY[sdk=iphoneos*]" = "iPhone Developer";
				COPY_PHASE_STRIP = YES;
				ENABLE_NS_ASSERTIONS = NO;
				ENABLE_STRICT_OBJC_MSGSEND = YES;
				GCC_C_LANGUAGE_STANDARD = gnu99;
				GCC_WARN_64_TO_32_BIT_CONVERSION = YES;
				GCC_WARN_ABOUT_RETURN_TYPE = YES_ERROR;
				GCC_WARN_UNDECLARED_SELECTOR = YES;
				GCC_WARN_UNINITIALIZED_AUTOS = YES_AGGRESSIVE;
				GCC_WARN_UNUSED_FUNCTION = YES;
				GCC_WARN_UNUSED_VARIABLE = YES;
				IPHONEOS_DEPLOYMENT_TARGET = 8.1;
				MTL_ENABLE_DEBUG_INFO = NO;
				SDKROOT = iphoneos;
				TARGETED_DEVICE_FAMILY = "1,2";
				VALIDATE_PRODUCT = YES;
			};
			name = Release;
		};
		8755E1D91A711BB8004863D2 /* Debug */ = {
			isa = XCBuildConfiguration;
			buildSettings = {
				ASSETCATALOG_COMPILER_APPICON_NAME = AppIcon;
				INFOPLIST_FILE = newsApp/Info.plist;
				IPHONEOS_DEPLOYMENT_TARGET = 8.1;
				LD_RUNPATH_SEARCH_PATHS = "$(inherited) @executable_path/Frameworks";
				PRODUCT_NAME = "$(TARGET_NAME)";
			};
			name = Debug;
		};
		8755E1DA1A711BB8004863D2 /* Release */ = {
			isa = XCBuildConfiguration;
			buildSettings = {
				ASSETCATALOG_COMPILER_APPICON_NAME = AppIcon;
				INFOPLIST_FILE = newsApp/Info.plist;
				IPHONEOS_DEPLOYMENT_TARGET = 8.1;
				LD_RUNPATH_SEARCH_PATHS = "$(inherited) @executable_path/Frameworks";
				PRODUCT_NAME = "$(TARGET_NAME)";
			};
			name = Release;
		};
		8755E1DC1A711BB8004863D2 /* Debug */ = {
			isa = XCBuildConfiguration;
			buildSettings = {
				BUNDLE_LOADER = "$(TEST_HOST)";
				FRAMEWORK_SEARCH_PATHS = (
					"$(SDKROOT)/Developer/Library/Frameworks",
					"$(inherited)",
				);
				GCC_PREPROCESSOR_DEFINITIONS = (
					"DEBUG=1",
					"$(inherited)",
				);
				INFOPLIST_FILE = newsAppTests/Info.plist;
				LD_RUNPATH_SEARCH_PATHS = "$(inherited) @executable_path/Frameworks @loader_path/Frameworks";
				PRODUCT_NAME = "$(TARGET_NAME)";
				TEST_HOST = "$(BUILT_PRODUCTS_DIR)/newsApp.app/newsApp";
			};
			name = Debug;
		};
		8755E1DD1A711BB8004863D2 /* Release */ = {
			isa = XCBuildConfiguration;
			buildSettings = {
				BUNDLE_LOADER = "$(TEST_HOST)";
				FRAMEWORK_SEARCH_PATHS = (
					"$(SDKROOT)/Developer/Library/Frameworks",
					"$(inherited)",
				);
				INFOPLIST_FILE = newsAppTests/Info.plist;
				LD_RUNPATH_SEARCH_PATHS = "$(inherited) @executable_path/Frameworks @loader_path/Frameworks";
				PRODUCT_NAME = "$(TARGET_NAME)";
				TEST_HOST = "$(BUILT_PRODUCTS_DIR)/newsApp.app/newsApp";
			};
			name = Release;
		};
/* End XCBuildConfiguration section */

/* Begin XCConfigurationList section */
		8755E1B21A711BB8004863D2 /* Build configuration list for PBXProject "newsApp" */ = {
			isa = XCConfigurationList;
			buildConfigurations = (
				8755E1D61A711BB8004863D2 /* Debug */,
				8755E1D71A711BB8004863D2 /* Release */,
			);
			defaultConfigurationIsVisible = 0;
			defaultConfigurationName = Release;
		};
		8755E1D81A711BB8004863D2 /* Build configuration list for PBXNativeTarget "newsApp" */ = {
			isa = XCConfigurationList;
			buildConfigurations = (
				8755E1D91A711BB8004863D2 /* Debug */,
				8755E1DA1A711BB8004863D2 /* Release */,
			);
			defaultConfigurationIsVisible = 0;
			defaultConfigurationName = Release;
		};
		8755E1DB1A711BB8004863D2 /* Build configuration list for PBXNativeTarget "newsAppTests" */ = {
			isa = XCConfigurationList;
			buildConfigurations = (
				8755E1DC1A711BB8004863D2 /* Debug */,
				8755E1DD1A711BB8004863D2 /* Release */,
			);
			defaultConfigurationIsVisible = 0;
			defaultConfigurationName = Release;
		};
/* End XCConfigurationList section */
	};
	rootObject = 8755E1AF1A711BB8004863D2 /* Project object */;
}
