// !$*UTF8*$!
{
	archiveVersion = 1;
	classes = {
	};
	objectVersion = 46;
	objects = {

/* Begin PBXBuildFile section */
		9180A27A1C19B17600B542E3 /* main.m in Sources */ = {isa = PBXBuildFile; fileRef = 9180A2791C19B17600B542E3 /* main.m */; };
		9180A27D1C19B17600B542E3 /* AppDelegate.m in Sources */ = {isa = PBXBuildFile; fileRef = 9180A27C1C19B17600B542E3 /* AppDelegate.m */; };
		9180A2801C19B17600B542E3 /* ViewController.m in Sources */ = {isa = PBXBuildFile; fileRef = 9180A27F1C19B17600B542E3 /* ViewController.m */; };
		9180A2831C19B17600B542E3 /* Main.storyboard in Resources */ = {isa = PBXBuildFile; fileRef = 9180A2811C19B17600B542E3 /* Main.storyboard */; };
		9180A2851C19B17600B542E3 /* Assets.xcassets in Resources */ = {isa = PBXBuildFile; fileRef = 9180A2841C19B17600B542E3 /* Assets.xcassets */; };
		9180A2881C19B17600B542E3 /* LaunchScreen.storyboard in Resources */ = {isa = PBXBuildFile; fileRef = 9180A2861C19B17600B542E3 /* LaunchScreen.storyboard */; };
		9180A2931C19B17600B542E3 /* PruebaThreadsTests.m in Sources */ = {isa = PBXBuildFile; fileRef = 9180A2921C19B17600B542E3 /* PruebaThreadsTests.m */; };
		9180A29E1C19B17600B542E3 /* PruebaThreadsUITests.m in Sources */ = {isa = PBXBuildFile; fileRef = 9180A29D1C19B17600B542E3 /* PruebaThreadsUITests.m */; };
		9180A2B01C19B2B900B542E3 /* CEXFileManager.m in Sources */ = {isa = PBXBuildFile; fileRef = 9180A2AE1C19B2B900B542E3 /* CEXFileManager.m */; };
		9180A2B31C19B2CA00B542E3 /* CEXUtils.m in Sources */ = {isa = PBXBuildFile; fileRef = 9180A2B11C19B2CA00B542E3 /* CEXUtils.m */; };
		9180A2B61C19B3C500B542E3 /* CEXPaisModel.m in Sources */ = {isa = PBXBuildFile; fileRef = 9180A2B41C19B3C500B542E3 /* CEXPaisModel.m */; };
		9180A2B81C19B3D000B542E3 /* DatosIniciales in Resources */ = {isa = PBXBuildFile; fileRef = 9180A2B71C19B3D000B542E3 /* DatosIniciales */; };
		9180A2BB1C19CB7000B542E3 /* CEXPaisesModel.m in Sources */ = {isa = PBXBuildFile; fileRef = 9180A2BA1C19CB7000B542E3 /* CEXPaisesModel.m */; };
/* End PBXBuildFile section */

/* Begin PBXContainerItemProxy section */
		9180A28F1C19B17600B542E3 /* PBXContainerItemProxy */ = {
			isa = PBXContainerItemProxy;
			containerPortal = 9180A26D1C19B17600B542E3 /* Project object */;
			proxyType = 1;
			remoteGlobalIDString = 9180A2741C19B17600B542E3;
			remoteInfo = PruebaThreads;
		};
		9180A29A1C19B17600B542E3 /* PBXContainerItemProxy */ = {
			isa = PBXContainerItemProxy;
			containerPortal = 9180A26D1C19B17600B542E3 /* Project object */;
			proxyType = 1;
			remoteGlobalIDString = 9180A2741C19B17600B542E3;
			remoteInfo = PruebaThreads;
		};
/* End PBXContainerItemProxy section */

/* Begin PBXFileReference section */
		9180A2751C19B17600B542E3 /* PruebaThreads.app */ = {isa = PBXFileReference; explicitFileType = wrapper.application; includeInIndex = 0; path = PruebaThreads.app; sourceTree = BUILT_PRODUCTS_DIR; };
		9180A2791C19B17600B542E3 /* main.m */ = {isa = PBXFileReference; lastKnownFileType = sourcecode.c.objc; path = main.m; sourceTree = "<group>"; };
		9180A27B1C19B17600B542E3 /* AppDelegate.h */ = {isa = PBXFileReference; lastKnownFileType = sourcecode.c.h; path = AppDelegate.h; sourceTree = "<group>"; };
		9180A27C1C19B17600B542E3 /* AppDelegate.m */ = {isa = PBXFileReference; lastKnownFileType = sourcecode.c.objc; path = AppDelegate.m; sourceTree = "<group>"; };
		9180A27E1C19B17600B542E3 /* ViewController.h */ = {isa = PBXFileReference; lastKnownFileType = sourcecode.c.h; path = ViewController.h; sourceTree = "<group>"; };
		9180A27F1C19B17600B542E3 /* ViewController.m */ = {isa = PBXFileReference; lastKnownFileType = sourcecode.c.objc; path = ViewController.m; sourceTree = "<group>"; };
		9180A2821C19B17600B542E3 /* Base */ = {isa = PBXFileReference; lastKnownFileType = file.storyboard; name = Base; path = Base.lproj/Main.storyboard; sourceTree = "<group>"; };
		9180A2841C19B17600B542E3 /* Assets.xcassets */ = {isa = PBXFileReference; lastKnownFileType = folder.assetcatalog; path = Assets.xcassets; sourceTree = "<group>"; };
		9180A2871C19B17600B542E3 /* Base */ = {isa = PBXFileReference; lastKnownFileType = file.storyboard; name = Base; path = Base.lproj/LaunchScreen.storyboard; sourceTree = "<group>"; };
		9180A2891C19B17600B542E3 /* Info.plist */ = {isa = PBXFileReference; lastKnownFileType = text.plist.xml; path = Info.plist; sourceTree = "<group>"; };
		9180A28E1C19B17600B542E3 /* PruebaThreadsTests.xctest */ = {isa = PBXFileReference; explicitFileType = wrapper.cfbundle; includeInIndex = 0; path = PruebaThreadsTests.xctest; sourceTree = BUILT_PRODUCTS_DIR; };
		9180A2921C19B17600B542E3 /* PruebaThreadsTests.m */ = {isa = PBXFileReference; lastKnownFileType = sourcecode.c.objc; path = PruebaThreadsTests.m; sourceTree = "<group>"; };
		9180A2941C19B17600B542E3 /* Info.plist */ = {isa = PBXFileReference; lastKnownFileType = text.plist.xml; path = Info.plist; sourceTree = "<group>"; };
		9180A2991C19B17600B542E3 /* PruebaThreadsUITests.xctest */ = {isa = PBXFileReference; explicitFileType = wrapper.cfbundle; includeInIndex = 0; path = PruebaThreadsUITests.xctest; sourceTree = BUILT_PRODUCTS_DIR; };
		9180A29D1C19B17600B542E3 /* PruebaThreadsUITests.m */ = {isa = PBXFileReference; lastKnownFileType = sourcecode.c.objc; path = PruebaThreadsUITests.m; sourceTree = "<group>"; };
		9180A29F1C19B17600B542E3 /* Info.plist */ = {isa = PBXFileReference; lastKnownFileType = text.plist.xml; path = Info.plist; sourceTree = "<group>"; };
		9180A2AE1C19B2B900B542E3 /* CEXFileManager.m */ = {isa = PBXFileReference; fileEncoding = 4; lastKnownFileType = sourcecode.c.objc; path = CEXFileManager.m; sourceTree = "<group>"; };
		9180A2AF1C19B2B900B542E3 /* CEXFileManager.h */ = {isa = PBXFileReference; fileEncoding = 4; lastKnownFileType = sourcecode.c.h; path = CEXFileManager.h; sourceTree = "<group>"; };
		9180A2B11C19B2CA00B542E3 /* CEXUtils.m */ = {isa = PBXFileReference; fileEncoding = 4; lastKnownFileType = sourcecode.c.objc; path = CEXUtils.m; sourceTree = "<group>"; };
		9180A2B21C19B2CA00B542E3 /* CEXUtils.h */ = {isa = PBXFileReference; fileEncoding = 4; lastKnownFileType = sourcecode.c.h; path = CEXUtils.h; sourceTree = "<group>"; };
		9180A2B41C19B3C500B542E3 /* CEXPaisModel.m */ = {isa = PBXFileReference; fileEncoding = 4; lastKnownFileType = sourcecode.c.objc; path = CEXPaisModel.m; sourceTree = "<group>"; };
		9180A2B51C19B3C500B542E3 /* CEXPaisModel.h */ = {isa = PBXFileReference; fileEncoding = 4; lastKnownFileType = sourcecode.c.h; path = CEXPaisModel.h; sourceTree = "<group>"; };
		9180A2B71C19B3D000B542E3 /* DatosIniciales */ = {isa = PBXFileReference; lastKnownFileType = folder; path = DatosIniciales; sourceTree = "<group>"; };
		9180A2B91C19CB7000B542E3 /* CEXPaisesModel.h */ = {isa = PBXFileReference; fileEncoding = 4; lastKnownFileType = sourcecode.c.h; path = CEXPaisesModel.h; sourceTree = "<group>"; };
		9180A2BA1C19CB7000B542E3 /* CEXPaisesModel.m */ = {isa = PBXFileReference; fileEncoding = 4; lastKnownFileType = sourcecode.c.objc; path = CEXPaisesModel.m; sourceTree = "<group>"; };
/* End PBXFileReference section */

/* Begin PBXFrameworksBuildPhase section */
		9180A2721C19B17600B542E3 /* Frameworks */ = {
			isa = PBXFrameworksBuildPhase;
			buildActionMask = 2147483647;
			files = (
			);
			runOnlyForDeploymentPostprocessing = 0;
		};
		9180A28B1C19B17600B542E3 /* Frameworks */ = {
			isa = PBXFrameworksBuildPhase;
			buildActionMask = 2147483647;
			files = (
			);
			runOnlyForDeploymentPostprocessing = 0;
		};
		9180A2961C19B17600B542E3 /* Frameworks */ = {
			isa = PBXFrameworksBuildPhase;
			buildActionMask = 2147483647;
			files = (
			);
			runOnlyForDeploymentPostprocessing = 0;
		};
/* End PBXFrameworksBuildPhase section */

/* Begin PBXGroup section */
		9180A26C1C19B17600B542E3 = {
			isa = PBXGroup;
			children = (
				9180A2771C19B17600B542E3 /* PruebaThreads */,
				9180A2911C19B17600B542E3 /* PruebaThreadsTests */,
				9180A29C1C19B17600B542E3 /* PruebaThreadsUITests */,
				9180A2761C19B17600B542E3 /* Products */,
			);
			sourceTree = "<group>";
		};
		9180A2761C19B17600B542E3 /* Products */ = {
			isa = PBXGroup;
			children = (
				9180A2751C19B17600B542E3 /* PruebaThreads.app */,
				9180A28E1C19B17600B542E3 /* PruebaThreadsTests.xctest */,
				9180A2991C19B17600B542E3 /* PruebaThreadsUITests.xctest */,
			);
			name = Products;
			sourceTree = "<group>";
		};
		9180A2771C19B17600B542E3 /* PruebaThreads */ = {
			isa = PBXGroup;
			children = (
				9180A2AD1C19B29800B542E3 /* Otros */,
				9180A2AC1C19B28000B542E3 /* ViewControllers */,
				9180A2AB1C19B27700B542E3 /* Utils */,
				9180A2891C19B17600B542E3 /* Info.plist */,
				9180A2781C19B17600B542E3 /* Supporting Files */,
			);
			path = PruebaThreads;
			sourceTree = "<group>";
		};
		9180A2781C19B17600B542E3 /* Supporting Files */ = {
			isa = PBXGroup;
			children = (
				9180A2791C19B17600B542E3 /* main.m */,
			);
			name = "Supporting Files";
			sourceTree = "<group>";
		};
		9180A2911C19B17600B542E3 /* PruebaThreadsTests */ = {
			isa = PBXGroup;
			children = (
				9180A2921C19B17600B542E3 /* PruebaThreadsTests.m */,
				9180A2941C19B17600B542E3 /* Info.plist */,
			);
			path = PruebaThreadsTests;
			sourceTree = "<group>";
		};
		9180A29C1C19B17600B542E3 /* PruebaThreadsUITests */ = {
			isa = PBXGroup;
			children = (
				9180A29D1C19B17600B542E3 /* PruebaThreadsUITests.m */,
				9180A29F1C19B17600B542E3 /* Info.plist */,
			);
			path = PruebaThreadsUITests;
			sourceTree = "<group>";
		};
		9180A2AB1C19B27700B542E3 /* Utils */ = {
			isa = PBXGroup;
			children = (
				9180A2B51C19B3C500B542E3 /* CEXPaisModel.h */,
				9180A2B41C19B3C500B542E3 /* CEXPaisModel.m */,
				9180A2B21C19B2CA00B542E3 /* CEXUtils.h */,
				9180A2B11C19B2CA00B542E3 /* CEXUtils.m */,
				9180A2AF1C19B2B900B542E3 /* CEXFileManager.h */,
				9180A2AE1C19B2B900B542E3 /* CEXFileManager.m */,
				9180A2B91C19CB7000B542E3 /* CEXPaisesModel.h */,
				9180A2BA1C19CB7000B542E3 /* CEXPaisesModel.m */,
			);
			name = Utils;
			sourceTree = "<group>";
		};
		9180A2AC1C19B28000B542E3 /* ViewControllers */ = {
			isa = PBXGroup;
			children = (
				9180A27E1C19B17600B542E3 /* ViewController.h */,
				9180A27F1C19B17600B542E3 /* ViewController.m */,
			);
			name = ViewControllers;
			sourceTree = "<group>";
		};
		9180A2AD1C19B29800B542E3 /* Otros */ = {
			isa = PBXGroup;
			children = (
				9180A2B71C19B3D000B542E3 /* DatosIniciales */,
				9180A27B1C19B17600B542E3 /* AppDelegate.h */,
				9180A27C1C19B17600B542E3 /* AppDelegate.m */,
				9180A2811C19B17600B542E3 /* Main.storyboard */,
				9180A2841C19B17600B542E3 /* Assets.xcassets */,
				9180A2861C19B17600B542E3 /* LaunchScreen.storyboard */,
			);
			name = Otros;
			sourceTree = "<group>";
		};
/* End PBXGroup section */

/* Begin PBXNativeTarget section */
		9180A2741C19B17600B542E3 /* PruebaThreads */ = {
			isa = PBXNativeTarget;
			buildConfigurationList = 9180A2A21C19B17600B542E3 /* Build configuration list for PBXNativeTarget "PruebaThreads" */;
			buildPhases = (
				9180A2711C19B17600B542E3 /* Sources */,
				9180A2721C19B17600B542E3 /* Frameworks */,
				9180A2731C19B17600B542E3 /* Resources */,
			);
			buildRules = (
			);
			dependencies = (
			);
			name = PruebaThreads;
			productName = PruebaThreads;
			productReference = 9180A2751C19B17600B542E3 /* PruebaThreads.app */;
			productType = "com.apple.product-type.application";
		};
		9180A28D1C19B17600B542E3 /* PruebaThreadsTests */ = {
			isa = PBXNativeTarget;
			buildConfigurationList = 9180A2A51C19B17600B542E3 /* Build configuration list for PBXNativeTarget "PruebaThreadsTests" */;
			buildPhases = (
				9180A28A1C19B17600B542E3 /* Sources */,
				9180A28B1C19B17600B542E3 /* Frameworks */,
				9180A28C1C19B17600B542E3 /* Resources */,
			);
			buildRules = (
			);
			dependencies = (
				9180A2901C19B17600B542E3 /* PBXTargetDependency */,
			);
			name = PruebaThreadsTests;
			productName = PruebaThreadsTests;
			productReference = 9180A28E1C19B17600B542E3 /* PruebaThreadsTests.xctest */;
			productType = "com.apple.product-type.bundle.unit-test";
		};
		9180A2981C19B17600B542E3 /* PruebaThreadsUITests */ = {
			isa = PBXNativeTarget;
			buildConfigurationList = 9180A2A81C19B17600B542E3 /* Build configuration list for PBXNativeTarget "PruebaThreadsUITests" */;
			buildPhases = (
				9180A2951C19B17600B542E3 /* Sources */,
				9180A2961C19B17600B542E3 /* Frameworks */,
				9180A2971C19B17600B542E3 /* Resources */,
			);
			buildRules = (
			);
			dependencies = (
				9180A29B1C19B17600B542E3 /* PBXTargetDependency */,
			);
			name = PruebaThreadsUITests;
			productName = PruebaThreadsUITests;
			productReference = 9180A2991C19B17600B542E3 /* PruebaThreadsUITests.xctest */;
			productType = "com.apple.product-type.bundle.ui-testing";
		};
/* End PBXNativeTarget section */

/* Begin PBXProject section */
		9180A26D1C19B17600B542E3 /* Project object */ = {
			isa = PBXProject;
			attributes = {
				LastUpgradeCheck = 0710;
				ORGANIZATIONNAME = IECISA;
				TargetAttributes = {
					9180A2741C19B17600B542E3 = {
						CreatedOnToolsVersion = 7.1.1;
					};
					9180A28D1C19B17600B542E3 = {
						CreatedOnToolsVersion = 7.1.1;
						TestTargetID = 9180A2741C19B17600B542E3;
					};
					9180A2981C19B17600B542E3 = {
						CreatedOnToolsVersion = 7.1.1;
						TestTargetID = 9180A2741C19B17600B542E3;
					};
				};
			};
			buildConfigurationList = 9180A2701C19B17600B542E3 /* Build configuration list for PBXProject "PruebaThreads" */;
			compatibilityVersion = "Xcode 3.2";
			developmentRegion = English;
			hasScannedForEncodings = 0;
			knownRegions = (
				en,
				Base,
			);
			mainGroup = 9180A26C1C19B17600B542E3;
			productRefGroup = 9180A2761C19B17600B542E3 /* Products */;
			projectDirPath = "";
			projectRoot = "";
			targets = (
				9180A2741C19B17600B542E3 /* PruebaThreads */,
				9180A28D1C19B17600B542E3 /* PruebaThreadsTests */,
				9180A2981C19B17600B542E3 /* PruebaThreadsUITests */,
			);
		};
/* End PBXProject section */

/* Begin PBXResourcesBuildPhase section */
		9180A2731C19B17600B542E3 /* Resources */ = {
			isa = PBXResourcesBuildPhase;
			buildActionMask = 2147483647;
			files = (
				9180A2881C19B17600B542E3 /* LaunchScreen.storyboard in Resources */,
				9180A2851C19B17600B542E3 /* Assets.xcassets in Resources */,
				9180A2B81C19B3D000B542E3 /* DatosIniciales in Resources */,
				9180A2831C19B17600B542E3 /* Main.storyboard in Resources */,
			);
			runOnlyForDeploymentPostprocessing = 0;
		};
		9180A28C1C19B17600B542E3 /* Resources */ = {
			isa = PBXResourcesBuildPhase;
			buildActionMask = 2147483647;
			files = (
			);
			runOnlyForDeploymentPostprocessing = 0;
		};
		9180A2971C19B17600B542E3 /* Resources */ = {
			isa = PBXResourcesBuildPhase;
			buildActionMask = 2147483647;
			files = (
			);
			runOnlyForDeploymentPostprocessing = 0;
		};
/* End PBXResourcesBuildPhase section */

/* Begin PBXSourcesBuildPhase section */
		9180A2711C19B17600B542E3 /* Sources */ = {
			isa = PBXSourcesBuildPhase;
			buildActionMask = 2147483647;
			files = (
				9180A2801C19B17600B542E3 /* ViewController.m in Sources */,
				9180A27D1C19B17600B542E3 /* AppDelegate.m in Sources */,
				9180A2B31C19B2CA00B542E3 /* CEXUtils.m in Sources */,
				9180A2BB1C19CB7000B542E3 /* CEXPaisesModel.m in Sources */,
				9180A2B61C19B3C500B542E3 /* CEXPaisModel.m in Sources */,
				9180A2B01C19B2B900B542E3 /* CEXFileManager.m in Sources */,
				9180A27A1C19B17600B542E3 /* main.m in Sources */,
			);
			runOnlyForDeploymentPostprocessing = 0;
		};
		9180A28A1C19B17600B542E3 /* Sources */ = {
			isa = PBXSourcesBuildPhase;
			buildActionMask = 2147483647;
			files = (
				9180A2931C19B17600B542E3 /* PruebaThreadsTests.m in Sources */,
			);
			runOnlyForDeploymentPostprocessing = 0;
		};
		9180A2951C19B17600B542E3 /* Sources */ = {
			isa = PBXSourcesBuildPhase;
			buildActionMask = 2147483647;
			files = (
				9180A29E1C19B17600B542E3 /* PruebaThreadsUITests.m in Sources */,
			);
			runOnlyForDeploymentPostprocessing = 0;
		};
/* End PBXSourcesBuildPhase section */

/* Begin PBXTargetDependency section */
		9180A2901C19B17600B542E3 /* PBXTargetDependency */ = {
			isa = PBXTargetDependency;
			target = 9180A2741C19B17600B542E3 /* PruebaThreads */;
			targetProxy = 9180A28F1C19B17600B542E3 /* PBXContainerItemProxy */;
		};
		9180A29B1C19B17600B542E3 /* PBXTargetDependency */ = {
			isa = PBXTargetDependency;
			target = 9180A2741C19B17600B542E3 /* PruebaThreads */;
			targetProxy = 9180A29A1C19B17600B542E3 /* PBXContainerItemProxy */;
		};
/* End PBXTargetDependency section */

/* Begin PBXVariantGroup section */
		9180A2811C19B17600B542E3 /* Main.storyboard */ = {
			isa = PBXVariantGroup;
			children = (
				9180A2821C19B17600B542E3 /* Base */,
			);
			name = Main.storyboard;
			sourceTree = "<group>";
		};
		9180A2861C19B17600B542E3 /* LaunchScreen.storyboard */ = {
			isa = PBXVariantGroup;
			children = (
				9180A2871C19B17600B542E3 /* Base */,
			);
			name = LaunchScreen.storyboard;
			sourceTree = "<group>";
		};
/* End PBXVariantGroup section */

/* Begin XCBuildConfiguration section */
		9180A2A01C19B17600B542E3 /* Debug */ = {
			isa = XCBuildConfiguration;
			buildSettings = {
				ALWAYS_SEARCH_USER_PATHS = NO;
				CLANG_CXX_LANGUAGE_STANDARD = "gnu++0x";
				CLANG_CXX_LIBRARY = "libc++";
				CLANG_ENABLE_MODULES = YES;
				CLANG_ENABLE_OBJC_ARC = YES;
				CLANG_WARN_BOOL_CONVERSION = YES;
				CLANG_WARN_CONSTANT_CONVERSION = YES;
				CLANG_WARN_DIRECT_OBJC_ISA_USAGE = YES_ERROR;
				CLANG_WARN_EMPTY_BODY = YES;
				CLANG_WARN_ENUM_CONVERSION = YES;
				CLANG_WARN_INT_CONVERSION = YES;
				CLANG_WARN_OBJC_ROOT_CLASS = YES_ERROR;
				CLANG_WARN_UNREACHABLE_CODE = YES;
				CLANG_WARN__DUPLICATE_METHOD_MATCH = YES;
				"CODE_SIGN_IDENTITY[sdk=iphoneos*]" = "iPhone Developer";
				COPY_PHASE_STRIP = NO;
				DEBUG_INFORMATION_FORMAT = dwarf;
				ENABLE_STRICT_OBJC_MSGSEND = YES;
				ENABLE_TESTABILITY = YES;
				GCC_C_LANGUAGE_STANDARD = gnu99;
				GCC_DYNAMIC_NO_PIC = NO;
				GCC_NO_COMMON_BLOCKS = YES;
				GCC_OPTIMIZATION_LEVEL = 0;
				GCC_PREPROCESSOR_DEFINITIONS = (
					"DEBUG=1",
					"$(inherited)",
				);
				GCC_WARN_64_TO_32_BIT_CONVERSION = YES;
				GCC_WARN_ABOUT_RETURN_TYPE = YES_ERROR;
				GCC_WARN_UNDECLARED_SELECTOR = YES;
				GCC_WARN_UNINITIALIZED_AUTOS = YES_AGGRESSIVE;
				GCC_WARN_UNUSED_FUNCTION = YES;
				GCC_WARN_UNUSED_VARIABLE = YES;
				IPHONEOS_DEPLOYMENT_TARGET = 9.1;
				MTL_ENABLE_DEBUG_INFO = YES;
				ONLY_ACTIVE_ARCH = YES;
				SDKROOT = iphoneos;
				TARGETED_DEVICE_FAMILY = "1,2";
			};
			name = Debug;
		};
		9180A2A11C19B17600B542E3 /* Release */ = {
			isa = XCBuildConfiguration;
			buildSettings = {
				ALWAYS_SEARCH_USER_PATHS = NO;
				CLANG_CXX_LANGUAGE_STANDARD = "gnu++0x";
				CLANG_CXX_LIBRARY = "libc++";
				CLANG_ENABLE_MODULES = YES;
				CLANG_ENABLE_OBJC_ARC = YES;
				CLANG_WARN_BOOL_CONVERSION = YES;
				CLANG_WARN_CONSTANT_CONVERSION = YES;
				CLANG_WARN_DIRECT_OBJC_ISA_USAGE = YES_ERROR;
				CLANG_WARN_EMPTY_BODY = YES;
				CLANG_WARN_ENUM_CONVERSION = YES;
				CLANG_WARN_INT_CONVERSION = YES;
				CLANG_WARN_OBJC_ROOT_CLASS = YES_ERROR;
				CLANG_WARN_UNREACHABLE_CODE = YES;
				CLANG_WARN__DUPLICATE_METHOD_MATCH = YES;
				"CODE_SIGN_IDENTITY[sdk=iphoneos*]" = "iPhone Developer";
				COPY_PHASE_STRIP = NO;
				DEBUG_INFORMATION_FORMAT = "dwarf-with-dsym";
				ENABLE_NS_ASSERTIONS = NO;
				ENABLE_STRICT_OBJC_MSGSEND = YES;
				GCC_C_LANGUAGE_STANDARD = gnu99;
				GCC_NO_COMMON_BLOCKS = YES;
				GCC_WARN_64_TO_32_BIT_CONVERSION = YES;
				GCC_WARN_ABOUT_RETURN_TYPE = YES_ERROR;
				GCC_WARN_UNDECLARED_SELECTOR = YES;
				GCC_WARN_UNINITIALIZED_AUTOS = YES_AGGRESSIVE;
				GCC_WARN_UNUSED_FUNCTION = YES;
				GCC_WARN_UNUSED_VARIABLE = YES;
				IPHONEOS_DEPLOYMENT_TARGET = 9.1;
				MTL_ENABLE_DEBUG_INFO = NO;
				SDKROOT = iphoneos;
				TARGETED_DEVICE_FAMILY = "1,2";
				VALIDATE_PRODUCT = YES;
			};
			name = Release;
		};
		9180A2A31C19B17600B542E3 /* Debug */ = {
			isa = XCBuildConfiguration;
			buildSettings = {
				ASSETCATALOG_COMPILER_APPICON_NAME = AppIcon;
				INFOPLIST_FILE = PruebaThreads/Info.plist;
				LD_RUNPATH_SEARCH_PATHS = "$(inherited) @executable_path/Frameworks";
				PRODUCT_BUNDLE_IDENTIFIER = com.iecisa.PruebaThreads;
				PRODUCT_NAME = "$(TARGET_NAME)";
			};
			name = Debug;
		};
		9180A2A41C19B17600B542E3 /* Release */ = {
			isa = XCBuildConfiguration;
			buildSettings = {
				ASSETCATALOG_COMPILER_APPICON_NAME = AppIcon;
				INFOPLIST_FILE = PruebaThreads/Info.plist;
				LD_RUNPATH_SEARCH_PATHS = "$(inherited) @executable_path/Frameworks";
				PRODUCT_BUNDLE_IDENTIFIER = com.iecisa.PruebaThreads;
				PRODUCT_NAME = "$(TARGET_NAME)";
			};
			name = Release;
		};
		9180A2A61C19B17600B542E3 /* Debug */ = {
			isa = XCBuildConfiguration;
			buildSettings = {
				BUNDLE_LOADER = "$(TEST_HOST)";
				INFOPLIST_FILE = PruebaThreadsTests/Info.plist;
				LD_RUNPATH_SEARCH_PATHS = "$(inherited) @executable_path/Frameworks @loader_path/Frameworks";
				PRODUCT_BUNDLE_IDENTIFIER = com.iecisa.PruebaThreadsTests;
				PRODUCT_NAME = "$(TARGET_NAME)";
				TEST_HOST = "$(BUILT_PRODUCTS_DIR)/PruebaThreads.app/PruebaThreads";
			};
			name = Debug;
		};
		9180A2A71C19B17600B542E3 /* Release */ = {
			isa = XCBuildConfiguration;
			buildSettings = {
				BUNDLE_LOADER = "$(TEST_HOST)";
				INFOPLIST_FILE = PruebaThreadsTests/Info.plist;
				LD_RUNPATH_SEARCH_PATHS = "$(inherited) @executable_path/Frameworks @loader_path/Frameworks";
				PRODUCT_BUNDLE_IDENTIFIER = com.iecisa.PruebaThreadsTests;
				PRODUCT_NAME = "$(TARGET_NAME)";
				TEST_HOST = "$(BUILT_PRODUCTS_DIR)/PruebaThreads.app/PruebaThreads";
			};
			name = Release;
		};
		9180A2A91C19B17600B542E3 /* Debug */ = {
			isa = XCBuildConfiguration;
			buildSettings = {
				INFOPLIST_FILE = PruebaThreadsUITests/Info.plist;
				LD_RUNPATH_SEARCH_PATHS = "$(inherited) @executable_path/Frameworks @loader_path/Frameworks";
				PRODUCT_BUNDLE_IDENTIFIER = com.iecisa.PruebaThreadsUITests;
				PRODUCT_NAME = "$(TARGET_NAME)";
				TEST_TARGET_NAME = PruebaThreads;
				USES_XCTRUNNER = YES;
			};
			name = Debug;
		};
		9180A2AA1C19B17600B542E3 /* Release */ = {
			isa = XCBuildConfiguration;
			buildSettings = {
				INFOPLIST_FILE = PruebaThreadsUITests/Info.plist;
				LD_RUNPATH_SEARCH_PATHS = "$(inherited) @executable_path/Frameworks @loader_path/Frameworks";
				PRODUCT_BUNDLE_IDENTIFIER = com.iecisa.PruebaThreadsUITests;
				PRODUCT_NAME = "$(TARGET_NAME)";
				TEST_TARGET_NAME = PruebaThreads;
				USES_XCTRUNNER = YES;
			};
			name = Release;
		};
/* End XCBuildConfiguration section */

/* Begin XCConfigurationList section */
		9180A2701C19B17600B542E3 /* Build configuration list for PBXProject "PruebaThreads" */ = {
			isa = XCConfigurationList;
			buildConfigurations = (
				9180A2A01C19B17600B542E3 /* Debug */,
				9180A2A11C19B17600B542E3 /* Release */,
			);
			defaultConfigurationIsVisible = 0;
			defaultConfigurationName = Release;
		};
		9180A2A21C19B17600B542E3 /* Build configuration list for PBXNativeTarget "PruebaThreads" */ = {
			isa = XCConfigurationList;
			buildConfigurations = (
				9180A2A31C19B17600B542E3 /* Debug */,
				9180A2A41C19B17600B542E3 /* Release */,
			);
			defaultConfigurationIsVisible = 0;
			defaultConfigurationName = Release;
		};
		9180A2A51C19B17600B542E3 /* Build configuration list for PBXNativeTarget "PruebaThreadsTests" */ = {
			isa = XCConfigurationList;
			buildConfigurations = (
				9180A2A61C19B17600B542E3 /* Debug */,
				9180A2A71C19B17600B542E3 /* Release */,
			);
			defaultConfigurationIsVisible = 0;
			defaultConfigurationName = Release;
		};
		9180A2A81C19B17600B542E3 /* Build configuration list for PBXNativeTarget "PruebaThreadsUITests" */ = {
			isa = XCConfigurationList;
			buildConfigurations = (
				9180A2A91C19B17600B542E3 /* Debug */,
				9180A2AA1C19B17600B542E3 /* Release */,
			);
			defaultConfigurationIsVisible = 0;
			defaultConfigurationName = Release;
		};
/* End XCConfigurationList section */
	};
	rootObject = 9180A26D1C19B17600B542E3 /* Project object */;
}
